Microsoft Visual Studio Solution File, Format Version 12.00
# Visual Studio Version 17
VisualStudioVersion = 17.5.2.0
MinimumVisualStudioVersion = 10.0.40219.1
Project("{FAE04EC0-301F-11D3-BF4B-00C04F79EFBC}") = "Azure.Local.CLI", "Azure.Local.CLI\Azure.Local.CLI.csproj", "{0F5282AC-FA06-2275-E4B0-15AB63385005}"
EndProject
Project("{FAE04EC0-301F-11D3-BF4B-00C04F79EFBC}") = "Azure.Local.Host", "Azure.Local.Host\Azure.Local.Host.csproj", "{A3BE88FD-26B9-4159-B372-A2B026C8368F}"
EndProject
Project("{FAE04EC0-301F-11D3-BF4B-00C04F79EFBC}") = "Azure.Local.Service.Storage", "Azure.Local.Service.Storage\Azure.Local.Service.Storage.csproj", "{510318F8-BDBF-4F90-AE5A-FB71244D45E0}"
EndProject
Project("{FAE04EC0-301F-11D3-BF4B-00C04F79EFBC}") = "Azure.Local.Service.Shared", "Azure.Local.Service.Shared\Azure.Local.Service.Shared.csproj", "{D1802524-2378-4706-950E-B9CCE5F2E06C}"
EndProject
Project("{FAE04EC0-301F-11D3-BF4B-00C04F79EFBC}") = "Azure.Local.Shared", "Azure.Local.Shared\Azure.Local.Shared.csproj", "{9D4853A9-0F8D-46F0-A181-854F58430D1F}"
EndProject
Project("{FAE04EC0-301F-11D3-BF4B-00C04F79EFBC}") = "Azure.Local.Tests", "Azure.Local.Tests\Azure.Local.Tests.csproj", "{8B8E3757-E43E-4CC9-A570-C431C45538D8}"
EndProject
Project("{FAE04EC0-301F-11D3-BF4B-00C04F79EFBC}") = "Azure.Local.Service.KeyVault", "Azure.Local.Service.KeyVault\Azure.Local.Service.KeyVault.csproj", "{E28806B1-AF0D-4940-BA51-F8261493D245}"
EndProject
Project("{FAE04EC0-301F-11D3-BF4B-00C04F79EFBC}") = "Azure.Local.Service.ResourceGroup", "Azure.Local.Service.ResourceGroup\Azure.Local.Service.ResourceGroup.csproj", "{BD7CA072-E296-4651-979F-19C65AF21FEE}"
EndProject
Global
	GlobalSection(SolutionConfigurationPlatforms) = preSolution
		Debug|Any CPU = Debug|Any CPU
		Release|Any CPU = Release|Any CPU
	EndGlobalSection
	GlobalSection(ProjectConfigurationPlatforms) = postSolution
		{0F5282AC-FA06-2275-E4B0-15AB63385005}.Debug|Any CPU.ActiveCfg = Debug|Any CPU
		{0F5282AC-FA06-2275-E4B0-15AB63385005}.Debug|Any CPU.Build.0 = Debug|Any CPU
		{0F5282AC-FA06-2275-E4B0-15AB63385005}.Release|Any CPU.ActiveCfg = Release|Any CPU
		{0F5282AC-FA06-2275-E4B0-15AB63385005}.Release|Any CPU.Build.0 = Release|Any CPU
		{A3BE88FD-26B9-4159-B372-A2B026C8368F}.Debug|Any CPU.ActiveCfg = Debug|Any CPU
		{A3BE88FD-26B9-4159-B372-A2B026C8368F}.Debug|Any CPU.Build.0 = Debug|Any CPU
		{A3BE88FD-26B9-4159-B372-A2B026C8368F}.Release|Any CPU.ActiveCfg = Release|Any CPU
		{A3BE88FD-26B9-4159-B372-A2B026C8368F}.Release|Any CPU.Build.0 = Release|Any CPU
		{510318F8-BDBF-4F90-AE5A-FB71244D45E0}.Debug|Any CPU.ActiveCfg = Debug|Any CPU
		{510318F8-BDBF-4F90-AE5A-FB71244D45E0}.Debug|Any CPU.Build.0 = Debug|Any CPU
		{510318F8-BDBF-4F90-AE5A-FB71244D45E0}.Release|Any CPU.ActiveCfg = Release|Any CPU
		{510318F8-BDBF-4F90-AE5A-FB71244D45E0}.Release|Any CPU.Build.0 = Release|Any CPU
		{D1802524-2378-4706-950E-B9CCE5F2E06C}.Debug|Any CPU.ActiveCfg = Debug|Any CPU
		{D1802524-2378-4706-950E-B9CCE5F2E06C}.Debug|Any CPU.Build.0 = Debug|Any CPU
		{D1802524-2378-4706-950E-B9CCE5F2E06C}.Release|Any CPU.ActiveCfg = Release|Any CPU
		{D1802524-2378-4706-950E-B9CCE5F2E06C}.Release|Any CPU.Build.0 = Release|Any CPU
		{9D4853A9-0F8D-46F0-A181-854F58430D1F}.Debug|Any CPU.ActiveCfg = Debug|Any CPU
		{9D4853A9-0F8D-46F0-A181-854F58430D1F}.Debug|Any CPU.Build.0 = Debug|Any CPU
		{9D4853A9-0F8D-46F0-A181-854F58430D1F}.Release|Any CPU.ActiveCfg = Release|Any CPU
		{9D4853A9-0F8D-46F0-A181-854F58430D1F}.Release|Any CPU.Build.0 = Release|Any CPU
		{8B8E3757-E43E-4CC9-A570-C431C45538D8}.Debug|Any CPU.ActiveCfg = Debug|Any CPU
		{8B8E3757-E43E-4CC9-A570-C431C45538D8}.Debug|Any CPU.Build.0 = Debug|Any CPU
		{8B8E3757-E43E-4CC9-A570-C431C45538D8}.Release|Any CPU.ActiveCfg = Release|Any CPU
		{8B8E3757-E43E-4CC9-A570-C431C45538D8}.Release|Any CPU.Build.0 = Release|Any CPU
		{E28806B1-AF0D-4940-BA51-F8261493D245}.Debug|Any CPU.ActiveCfg = Debug|Any CPU
		{E28806B1-AF0D-4940-BA51-F8261493D245}.Debug|Any CPU.Build.0 = Debug|Any CPU
		{E28806B1-AF0D-4940-BA51-F8261493D245}.Release|Any CPU.ActiveCfg = Release|Any CPU
		{E28806B1-AF0D-4940-BA51-F8261493D245}.Release|Any CPU.Build.0 = Release|Any CPU
		{BD7CA072-E296-4651-979F-19C65AF21FEE}.Debug|Any CPU.ActiveCfg = Debug|Any CPU
		{BD7CA072-E296-4651-979F-19C65AF21FEE}.Debug|Any CPU.Build.0 = Debug|Any CPU
		{BD7CA072-E296-4651-979F-19C65AF21FEE}.Release|Any CPU.ActiveCfg = Release|Any CPU
		{BD7CA072-E296-4651-979F-19C65AF21FEE}.Release|Any CPU.Build.0 = Release|Any CPU
	EndGlobalSection
	GlobalSection(SolutionProperties) = preSolution
		HideSolutionNode = FALSE
	EndGlobalSection
	GlobalSection(ExtensibilityGlobals) = postSolution
		SolutionGuid = {76B3D1AF-3328-49A8-BFD0-ED7FA3933EB0}
	EndGlobalSection
EndGlobal
