
Microsoft Visual Studio Solution File, Format Version 12.00
# Visual Studio Version 17
VisualStudioVersion = 17.5.2.0
MinimumVisualStudioVersion = 10.0.40219.1
Project("{FAE04EC0-301F-11D3-BF4B-00C04F79EFBC}") = "Topaz.CLI", "Topaz.CLI\Topaz.CLI.csproj", "{A3314034-B02C-1953-C3F0-CEBF0F0DF273}"
EndProject
Project("{FAE04EC0-301F-11D3-BF4B-00C04F79EFBC}") = "Topaz.Host", "Topaz.Host\Topaz.Host.csproj", "{A3BE88FD-26B9-4159-B372-A2B026C8368F}"
EndProject
Project("{FAE04EC0-301F-11D3-BF4B-00C04F79EFBC}") = "Topaz.Service.Storage", "Topaz.Service.Storage\Topaz.Service.Storage.csproj", "{510318F8-BDBF-4F90-AE5A-FB71244D45E0}"
EndProject
Project("{FAE04EC0-301F-11D3-BF4B-00C04F79EFBC}") = "Topaz.Service.Shared", "Topaz.Service.Shared\Topaz.Service.Shared.csproj", "{D1802524-2378-4706-950E-B9CCE5F2E06C}"
EndProject
Project("{FAE04EC0-301F-11D3-BF4B-00C04F79EFBC}") = "Topaz.Shared", "Topaz.Shared\Topaz.Shared.csproj", "{9D4853A9-0F8D-46F0-A181-854F58430D1F}"
EndProject
Project("{FAE04EC0-301F-11D3-BF4B-00C04F79EFBC}") = "Topaz.Tests", "Topaz.Tests\Topaz.Tests.csproj", "{8B8E3757-E43E-4CC9-A570-C431C45538D8}"
EndProject
Project("{FAE04EC0-301F-11D3-BF4B-00C04F79EFBC}") = "Topaz.Service.KeyVault", "Topaz.Service.KeyVault\Topaz.Service.KeyVault.csproj", "{E28806B1-AF0D-4940-BA51-F8261493D245}"
EndProject
Project("{FAE04EC0-301F-11D3-BF4B-00C04F79EFBC}") = "Topaz.Service.ResourceGroup", "Topaz.Service.ResourceGroup\Topaz.Service.ResourceGroup.csproj", "{BD7CA072-E296-4651-979F-19C65AF21FEE}"
EndProject
Project("{FAE04EC0-301F-11D3-BF4B-00C04F79EFBC}") = "Topaz.Identity", "Topaz.Identity\Topaz.Identity.csproj", "{3085E422-1986-407A-A861-C4FF9D7239F4}"
EndProject
Project("{FAE04EC0-301F-11D3-BF4B-00C04F79EFBC}") = "Topaz.Service.Subscription", "Topaz.Service.Subscription\Topaz.Service.Subscription.csproj", "{D2D85E3C-E841-411E-AA3A-C8C42A6EB4E7}"
EndProject
Project("{FAE04EC0-301F-11D3-BF4B-00C04F79EFBC}") = "Topaz.Service.EventHub", "Topaz.Service.EventHub\Topaz.Service.EventHub.csproj", "{388A3C0C-2C83-44B1-B51B-B8EA7831C5EA}"
EndProject
Project("{2150E333-8FDC-42A3-9474-1A3956D46DE8}") = "Examples", "Examples", "{421A7F1B-9656-4A7E-B209-B1E8811D3E28}"
EndProject
Project("{FAE04EC0-301F-11D3-BF4B-00C04F79EFBC}") = "Topaz.Example.Dotnet", "Examples\Topaz.Example.Dotnet\Topaz.Example.Dotnet.csproj", "{1DA9278A-2B35-46E1-8688-8CC4EE7612FF}"
EndProject
Project("{FAE04EC0-301F-11D3-BF4B-00C04F79EFBC}") = "Topaz.ResourceManager", "Topaz.ResourceManager\Topaz.ResourceManager.csproj", "{36EBC887-1A69-4AE8-BC0A-821F4E8299E5}"
EndProject
Project("{FAE04EC0-301F-11D3-BF4B-00C04F79EFBC}") = "Topaz.Example.Dotnet.Web", "Examples\Topaz.Example.Dotnet.Web\Topaz.Example.Dotnet.Web.csproj", "{1C9E5C5B-3259-4A6A-B63E-54AAA0322A57}"
EndProject
Project("{FAE04EC0-301F-11D3-BF4B-00C04F79EFBC}") = "Topaz.AspNetCore.Extensions", "Topaz.AspNetCore.Extensions\Topaz.AspNetCore.Extensions.csproj", "{EBEAF9D8-48B7-4D75-A404-56A3E10DA657}"
EndProject
Project("{FAE04EC0-301F-11D3-BF4B-00C04F79EFBC}") = "Topaz.Tests.Isolated", "Topaz.Tests.Isolated\Topaz.Tests.Isolated.csproj", "{973A0FFE-48A8-4374-940A-95F1B2C8E87A}"
EndProject
Project("{FAE04EC0-301F-11D3-BF4B-00C04F79EFBC}") = "Topaz.CloudEnvironment", "Topaz.CloudEnvironment\Topaz.CloudEnvironment.csproj", "{4CB7F990-FB00-49D8-B130-9AE539096486}"
EndProject
Project("{FAE04EC0-301F-11D3-BF4B-00C04F79EFBC}") = "Topaz.Tests.AzureCLI", "Topaz.Tests.AzureCLI\Topaz.Tests.AzureCLI.csproj", "{8F85AFEB-935A-4AED-AE10-EC4907D94941}"
EndProject
Project("{FAE04EC0-301F-11D3-BF4B-00C04F79EFBC}") = "Topaz.Service.ServiceBus", "Topaz.Service.ServiceBus\Topaz.Service.ServiceBus.csproj", "{AAF64707-AB3D-42F1-A890-86C9082DE4F0}"
Project("{FAE04EC0-301F-11D3-BF4B-00C04F79EFBC}") = "Topaz.Examples.MassTransit", "Examples\Topaz.Examples.MassTransit\Topaz.Examples.MassTransit.csproj", "{B5721FE5-FD9B-411E-9A2A-8BEEB842F37B}"
EndProject
Global
	GlobalSection(SolutionConfigurationPlatforms) = preSolution
		Debug|Any CPU = Debug|Any CPU
		Release|Any CPU = Release|Any CPU
	EndGlobalSection
	GlobalSection(ProjectConfigurationPlatforms) = postSolution
		{A3314034-B02C-1953-C3F0-CEBF0F0DF273}.Debug|Any CPU.ActiveCfg = Debug|Any CPU
		{A3314034-B02C-1953-C3F0-CEBF0F0DF273}.Debug|Any CPU.Build.0 = Debug|Any CPU
		{A3314034-B02C-1953-C3F0-CEBF0F0DF273}.Release|Any CPU.ActiveCfg = Release|Any CPU
		{A3314034-B02C-1953-C3F0-CEBF0F0DF273}.Release|Any CPU.Build.0 = Release|Any CPU
		{A3BE88FD-26B9-4159-B372-A2B026C8368F}.Debug|Any CPU.ActiveCfg = Debug|Any CPU
		{A3BE88FD-26B9-4159-B372-A2B026C8368F}.Debug|Any CPU.Build.0 = Debug|Any CPU
		{A3BE88FD-26B9-4159-B372-A2B026C8368F}.Release|Any CPU.ActiveCfg = Release|Any CPU
		{A3BE88FD-26B9-4159-B372-A2B026C8368F}.Release|Any CPU.Build.0 = Release|Any CPU
		{510318F8-BDBF-4F90-AE5A-FB71244D45E0}.Debug|Any CPU.ActiveCfg = Debug|Any CPU
		{510318F8-BDBF-4F90-AE5A-FB71244D45E0}.Debug|Any CPU.Build.0 = Debug|Any CPU
		{510318F8-BDBF-4F90-AE5A-FB71244D45E0}.Release|Any CPU.ActiveCfg = Release|Any CPU
		{510318F8-BDBF-4F90-AE5A-FB71244D45E0}.Release|Any CPU.Build.0 = Release|Any CPU
		{D1802524-2378-4706-950E-B9CCE5F2E06C}.Debug|Any CPU.ActiveCfg = Debug|Any CPU
		{D1802524-2378-4706-950E-B9CCE5F2E06C}.Debug|Any CPU.Build.0 = Debug|Any CPU
		{D1802524-2378-4706-950E-B9CCE5F2E06C}.Release|Any CPU.ActiveCfg = Release|Any CPU
		{D1802524-2378-4706-950E-B9CCE5F2E06C}.Release|Any CPU.Build.0 = Release|Any CPU
		{9D4853A9-0F8D-46F0-A181-854F58430D1F}.Debug|Any CPU.ActiveCfg = Debug|Any CPU
		{9D4853A9-0F8D-46F0-A181-854F58430D1F}.Debug|Any CPU.Build.0 = Debug|Any CPU
		{9D4853A9-0F8D-46F0-A181-854F58430D1F}.Release|Any CPU.ActiveCfg = Release|Any CPU
		{9D4853A9-0F8D-46F0-A181-854F58430D1F}.Release|Any CPU.Build.0 = Release|Any CPU
		{8B8E3757-E43E-4CC9-A570-C431C45538D8}.Debug|Any CPU.ActiveCfg = Debug|Any CPU
		{8B8E3757-E43E-4CC9-A570-C431C45538D8}.Debug|Any CPU.Build.0 = Debug|Any CPU
		{8B8E3757-E43E-4CC9-A570-C431C45538D8}.Release|Any CPU.ActiveCfg = Release|Any CPU
		{8B8E3757-E43E-4CC9-A570-C431C45538D8}.Release|Any CPU.Build.0 = Release|Any CPU
		{E28806B1-AF0D-4940-BA51-F8261493D245}.Debug|Any CPU.ActiveCfg = Debug|Any CPU
		{E28806B1-AF0D-4940-BA51-F8261493D245}.Debug|Any CPU.Build.0 = Debug|Any CPU
		{E28806B1-AF0D-4940-BA51-F8261493D245}.Release|Any CPU.ActiveCfg = Release|Any CPU
		{E28806B1-AF0D-4940-BA51-F8261493D245}.Release|Any CPU.Build.0 = Release|Any CPU
		{BD7CA072-E296-4651-979F-19C65AF21FEE}.Debug|Any CPU.ActiveCfg = Debug|Any CPU
		{BD7CA072-E296-4651-979F-19C65AF21FEE}.Debug|Any CPU.Build.0 = Debug|Any CPU
		{BD7CA072-E296-4651-979F-19C65AF21FEE}.Release|Any CPU.ActiveCfg = Release|Any CPU
		{BD7CA072-E296-4651-979F-19C65AF21FEE}.Release|Any CPU.Build.0 = Release|Any CPU
		{3085E422-1986-407A-A861-C4FF9D7239F4}.Debug|Any CPU.ActiveCfg = Debug|Any CPU
		{3085E422-1986-407A-A861-C4FF9D7239F4}.Debug|Any CPU.Build.0 = Debug|Any CPU
		{3085E422-1986-407A-A861-C4FF9D7239F4}.Release|Any CPU.ActiveCfg = Release|Any CPU
		{3085E422-1986-407A-A861-C4FF9D7239F4}.Release|Any CPU.Build.0 = Release|Any CPU
		{D2D85E3C-E841-411E-AA3A-C8C42A6EB4E7}.Debug|Any CPU.ActiveCfg = Debug|Any CPU
		{D2D85E3C-E841-411E-AA3A-C8C42A6EB4E7}.Debug|Any CPU.Build.0 = Debug|Any CPU
		{D2D85E3C-E841-411E-AA3A-C8C42A6EB4E7}.Release|Any CPU.ActiveCfg = Release|Any CPU
		{D2D85E3C-E841-411E-AA3A-C8C42A6EB4E7}.Release|Any CPU.Build.0 = Release|Any CPU
		{388A3C0C-2C83-44B1-B51B-B8EA7831C5EA}.Debug|Any CPU.ActiveCfg = Debug|Any CPU
		{388A3C0C-2C83-44B1-B51B-B8EA7831C5EA}.Debug|Any CPU.Build.0 = Debug|Any CPU
		{388A3C0C-2C83-44B1-B51B-B8EA7831C5EA}.Release|Any CPU.ActiveCfg = Release|Any CPU
		{388A3C0C-2C83-44B1-B51B-B8EA7831C5EA}.Release|Any CPU.Build.0 = Release|Any CPU
		{1DA9278A-2B35-46E1-8688-8CC4EE7612FF}.Debug|Any CPU.ActiveCfg = Debug|Any CPU
		{1DA9278A-2B35-46E1-8688-8CC4EE7612FF}.Debug|Any CPU.Build.0 = Debug|Any CPU
		{1DA9278A-2B35-46E1-8688-8CC4EE7612FF}.Release|Any CPU.ActiveCfg = Release|Any CPU
		{1DA9278A-2B35-46E1-8688-8CC4EE7612FF}.Release|Any CPU.Build.0 = Release|Any CPU
		{36EBC887-1A69-4AE8-BC0A-821F4E8299E5}.Debug|Any CPU.ActiveCfg = Debug|Any CPU
		{36EBC887-1A69-4AE8-BC0A-821F4E8299E5}.Debug|Any CPU.Build.0 = Debug|Any CPU
		{36EBC887-1A69-4AE8-BC0A-821F4E8299E5}.Release|Any CPU.ActiveCfg = Release|Any CPU
		{36EBC887-1A69-4AE8-BC0A-821F4E8299E5}.Release|Any CPU.Build.0 = Release|Any CPU
		{1C9E5C5B-3259-4A6A-B63E-54AAA0322A57}.Debug|Any CPU.ActiveCfg = Debug|Any CPU
		{1C9E5C5B-3259-4A6A-B63E-54AAA0322A57}.Debug|Any CPU.Build.0 = Debug|Any CPU
		{1C9E5C5B-3259-4A6A-B63E-54AAA0322A57}.Release|Any CPU.ActiveCfg = Release|Any CPU
		{1C9E5C5B-3259-4A6A-B63E-54AAA0322A57}.Release|Any CPU.Build.0 = Release|Any CPU
		{EBEAF9D8-48B7-4D75-A404-56A3E10DA657}.Debug|Any CPU.ActiveCfg = Debug|Any CPU
		{EBEAF9D8-48B7-4D75-A404-56A3E10DA657}.Debug|Any CPU.Build.0 = Debug|Any CPU
		{EBEAF9D8-48B7-4D75-A404-56A3E10DA657}.Release|Any CPU.ActiveCfg = Release|Any CPU
		{EBEAF9D8-48B7-4D75-A404-56A3E10DA657}.Release|Any CPU.Build.0 = Release|Any CPU
		{973A0FFE-48A8-4374-940A-95F1B2C8E87A}.Debug|Any CPU.ActiveCfg = Debug|Any CPU
		{973A0FFE-48A8-4374-940A-95F1B2C8E87A}.Debug|Any CPU.Build.0 = Debug|Any CPU
		{973A0FFE-48A8-4374-940A-95F1B2C8E87A}.Release|Any CPU.ActiveCfg = Release|Any CPU
		{973A0FFE-48A8-4374-940A-95F1B2C8E87A}.Release|Any CPU.Build.0 = Release|Any CPU
		{4CB7F990-FB00-49D8-B130-9AE539096486}.Debug|Any CPU.ActiveCfg = Debug|Any CPU
		{4CB7F990-FB00-49D8-B130-9AE539096486}.Debug|Any CPU.Build.0 = Debug|Any CPU
		{4CB7F990-FB00-49D8-B130-9AE539096486}.Release|Any CPU.ActiveCfg = Release|Any CPU
		{4CB7F990-FB00-49D8-B130-9AE539096486}.Release|Any CPU.Build.0 = Release|Any CPU
		{8F85AFEB-935A-4AED-AE10-EC4907D94941}.Debug|Any CPU.ActiveCfg = Debug|Any CPU
		{8F85AFEB-935A-4AED-AE10-EC4907D94941}.Debug|Any CPU.Build.0 = Debug|Any CPU
		{8F85AFEB-935A-4AED-AE10-EC4907D94941}.Release|Any CPU.ActiveCfg = Release|Any CPU
		{8F85AFEB-935A-4AED-AE10-EC4907D94941}.Release|Any CPU.Build.0 = Release|Any CPU
		{AAF64707-AB3D-42F1-A890-86C9082DE4F0}.Debug|Any CPU.ActiveCfg = Debug|Any CPU
		{AAF64707-AB3D-42F1-A890-86C9082DE4F0}.Debug|Any CPU.Build.0 = Debug|Any CPU
		{AAF64707-AB3D-42F1-A890-86C9082DE4F0}.Release|Any CPU.ActiveCfg = Release|Any CPU
		{AAF64707-AB3D-42F1-A890-86C9082DE4F0}.Release|Any CPU.Build.0 = Release|Any CPU
		{B5721FE5-FD9B-411E-9A2A-8BEEB842F37B}.Debug|Any CPU.ActiveCfg = Debug|Any CPU
		{B5721FE5-FD9B-411E-9A2A-8BEEB842F37B}.Debug|Any CPU.Build.0 = Debug|Any CPU
		{B5721FE5-FD9B-411E-9A2A-8BEEB842F37B}.Release|Any CPU.ActiveCfg = Release|Any CPU
		{B5721FE5-FD9B-411E-9A2A-8BEEB842F37B}.Release|Any CPU.Build.0 = Release|Any CPU
	EndGlobalSection
	GlobalSection(SolutionProperties) = preSolution
		HideSolutionNode = FALSE
	EndGlobalSection
	GlobalSection(ExtensibilityGlobals) = postSolution
		SolutionGuid = {76B3D1AF-3328-49A8-BFD0-ED7FA3933EB0}
	EndGlobalSection
	GlobalSection(NestedProjects) = preSolution
		{1DA9278A-2B35-46E1-8688-8CC4EE7612FF} = {421A7F1B-9656-4A7E-B209-B1E8811D3E28}
		{1C9E5C5B-3259-4A6A-B63E-54AAA0322A57} = {421A7F1B-9656-4A7E-B209-B1E8811D3E28}
		{B5721FE5-FD9B-411E-9A2A-8BEEB842F37B} = {421A7F1B-9656-4A7E-B209-B1E8811D3E28}
	EndGlobalSection
EndGlobal
